# THIS IS AN AUTOGENERATED FILE. DO NOT EDIT THIS FILE DIRECTLY.
# yarn lockfile v1


brew@^0.0.8:
  version "0.0.8"
  resolved "https://registry.npmjs.org/brew/-/brew-0.0.8.tgz"
  integrity sha512-BSTwOi8fIk8+7SbNmqhleUdjVZTewhYOqRb7zeSOk45sEx1ak6v1btoFl0WiaIbl1dsg4DFHQ4qefXpqXztMXA==

clsx@^2.1.0:
  version "2.1.0"
  resolved "https://registry.npmjs.org/clsx/-/clsx-2.1.0.tgz"
  integrity sha512-m3iNNWpd9rl3jvvcBnu70ylMdrXt8Vlq4HYadnU5fwcOtvkSQWPmj7amUcDT2qYI7risszBjI5AUIUox9D16pg==

react-app@^1.1.2:
  version "1.1.2"
  resolved "https://registry.npmjs.org/react-app/-/react-app-1.1.2.tgz"
  integrity sha512-4MrTmJWu3WDX3upmEyyHGhA15L0qtqJBDMoVZRjd5hrf8lEoX/ja/EOG31eppiyRTWpZGGigCwb2lzsI6ZKDFQ==

react-toast@^1.0.3:
  version "1.0.3"
  resolved "https://registry.npmjs.org/react-toast/-/react-toast-1.0.3.tgz"
  integrity sha512-gL3+O5hlLaoBmd36oXWKrjFeUyLCMQ04AIh48LrnUvdeg2vhJQ0E803TgVemgJvYUXKlutMVn9+/QS2DDnk26Q==

react-toastify@^10.0.5:
  version "10.0.5"
  resolved "https://registry.yarnpkg.com/react-toastify/-/react-toastify-10.0.5.tgz#6b8f8386060c5c856239f3036d1e76874ce3bd1e"
  integrity sha512-mNKt2jBXJg4O7pSdbNUfDdTsK9FIdikfsIE/yUCxbAEXl4HMyJaivrVFcn3Elvt5xvCQYhUZm+hqTIu1UXM3Pw==
  dependencies:
    clsx "^2.1.0"
